
Microsoft Visual Studio Solution File, Format Version 12.00
# Visual Studio 15
VisualStudioVersion = 15.0.27130.2024
MinimumVisualStudioVersion = 10.0.40219.1
Project("{FAE04EC0-301F-11D3-BF4B-00C04F79EFBC}") = "pruyectoETS", "pruyectoETS\pruyectoETS.csproj", "{F59B8E17-413D-4E28-9E7E-FD220B342A74}"
EndProject
Global
	GlobalSection(SolutionConfigurationPlatforms) = preSolution
		Debug|Any CPU = Debug|Any CPU
		Release|Any CPU = Release|Any CPU
	EndGlobalSection
	GlobalSection(ProjectConfigurationPlatforms) = postSolution
		{F59B8E17-413D-4E28-9E7E-FD220B342A74}.Debug|Any CPU.ActiveCfg = Debug|Any CPU
		{F59B8E17-413D-4E28-9E7E-FD220B342A74}.Debug|Any CPU.Build.0 = Debug|Any CPU
		{F59B8E17-413D-4E28-9E7E-FD220B342A74}.Release|Any CPU.ActiveCfg = Release|Any CPU
		{F59B8E17-413D-4E28-9E7E-FD220B342A74}.Release|Any CPU.Build.0 = Release|Any CPU
	EndGlobalSection
	GlobalSection(SolutionProperties) = preSolution
		HideSolutionNode = FALSE
	EndGlobalSection
	GlobalSection(ExtensibilityGlobals) = postSolution
		SolutionGuid = {441215A1-E7EA-4059-94F5-F7629C464483}
	EndGlobalSection
EndGlobal
